
Microsoft Visual Studio Solution File, Format Version 12.00
# Visual Studio Version 17
VisualStudioVersion = 17.0.31903.59
MinimumVisualStudioVersion = 10.0.40219.1
Project("{FAE04EC0-301F-11D3-BF4B-00C04F79EFBC}") = "Invoice.API", "Invoice.API\Invoice.API.csproj", "{86DF3189-3044-445E-85B8-E715993D48CC}"
EndProject
Project("{FAE04EC0-301F-11D3-BF4B-00C04F79EFBC}") = "Invoice.PDF", "Invoice.PDF\Invoice.PDF.csproj", "{BFE50782-B035-451A-AECA-24C0FDCE950B}"
EndProject
Project("{FAE04EC0-301F-11D3-BF4B-00C04F79EFBC}") = "Invoice.Models", "Invoice.Models\Invoice.Models.csproj", "{0FDB536E-7CEE-4A13-B937-74B21CE25788}"
EndProject
Project("{FAE04EC0-301F-11D3-BF4B-00C04F79EFBC}") = "Invoice.Client", "Invoice.Client\Invoice.Client.csproj", "{9E5FF297-D32D-47E0-8266-FD40CAD8E827}"
EndProject
Global
	GlobalSection(SolutionConfigurationPlatforms) = preSolution
		Debug|Any CPU = Debug|Any CPU
		Debug|x64 = Debug|x64
		Debug|x86 = Debug|x86
		Release|Any CPU = Release|Any CPU
		Release|x64 = Release|x64
		Release|x86 = Release|x86
	EndGlobalSection
	GlobalSection(ProjectConfigurationPlatforms) = postSolution
		{86DF3189-3044-445E-85B8-E715993D48CC}.Debug|Any CPU.ActiveCfg = Debug|Any CPU
		{86DF3189-3044-445E-85B8-E715993D48CC}.Debug|Any CPU.Build.0 = Debug|Any CPU
		{86DF3189-3044-445E-85B8-E715993D48CC}.Debug|x64.ActiveCfg = Debug|Any CPU
		{86DF3189-3044-445E-85B8-E715993D48CC}.Debug|x64.Build.0 = Debug|Any CPU
		{86DF3189-3044-445E-85B8-E715993D48CC}.Debug|x86.ActiveCfg = Debug|Any CPU
		{86DF3189-3044-445E-85B8-E715993D48CC}.Debug|x86.Build.0 = Debug|Any CPU
		{86DF3189-3044-445E-85B8-E715993D48CC}.Release|Any CPU.ActiveCfg = Release|Any CPU
		{86DF3189-3044-445E-85B8-E715993D48CC}.Release|Any CPU.Build.0 = Release|Any CPU
		{86DF3189-3044-445E-85B8-E715993D48CC}.Release|x64.ActiveCfg = Release|Any CPU
		{86DF3189-3044-445E-85B8-E715993D48CC}.Release|x64.Build.0 = Release|Any CPU
		{86DF3189-3044-445E-85B8-E715993D48CC}.Release|x86.ActiveCfg = Release|Any CPU
		{86DF3189-3044-445E-85B8-E715993D48CC}.Release|x86.Build.0 = Release|Any CPU
		{BFE50782-B035-451A-AECA-24C0FDCE950B}.Debug|Any CPU.ActiveCfg = Debug|Any CPU
		{BFE50782-B035-451A-AECA-24C0FDCE950B}.Debug|Any CPU.Build.0 = Debug|Any CPU
		{BFE50782-B035-451A-AECA-24C0FDCE950B}.Debug|x64.ActiveCfg = Debug|Any CPU
		{BFE50782-B035-451A-AECA-24C0FDCE950B}.Debug|x64.Build.0 = Debug|Any CPU
		{BFE50782-B035-451A-AECA-24C0FDCE950B}.Debug|x86.ActiveCfg = Debug|Any CPU
		{BFE50782-B035-451A-AECA-24C0FDCE950B}.Debug|x86.Build.0 = Debug|Any CPU
		{BFE50782-B035-451A-AECA-24C0FDCE950B}.Release|Any CPU.ActiveCfg = Release|Any CPU
		{BFE50782-B035-451A-AECA-24C0FDCE950B}.Release|Any CPU.Build.0 = Release|Any CPU
		{BFE50782-B035-451A-AECA-24C0FDCE950B}.Release|x64.ActiveCfg = Release|Any CPU
		{BFE50782-B035-451A-AECA-24C0FDCE950B}.Release|x64.Build.0 = Release|Any CPU
		{BFE50782-B035-451A-AECA-24C0FDCE950B}.Release|x86.ActiveCfg = Release|Any CPU
		{BFE50782-B035-451A-AECA-24C0FDCE950B}.Release|x86.Build.0 = Release|Any CPU
		{0FDB536E-7CEE-4A13-B937-74B21CE25788}.Debug|Any CPU.ActiveCfg = Debug|Any CPU
		{0FDB536E-7CEE-4A13-B937-74B21CE25788}.Debug|Any CPU.Build.0 = Debug|Any CPU
		{0FDB536E-7CEE-4A13-B937-74B21CE25788}.Debug|x64.ActiveCfg = Debug|Any CPU
		{0FDB536E-7CEE-4A13-B937-74B21CE25788}.Debug|x64.Build.0 = Debug|Any CPU
		{0FDB536E-7CEE-4A13-B937-74B21CE25788}.Debug|x86.ActiveCfg = Debug|Any CPU
		{0FDB536E-7CEE-4A13-B937-74B21CE25788}.Debug|x86.Build.0 = Debug|Any CPU
		{0FDB536E-7CEE-4A13-B937-74B21CE25788}.Release|Any CPU.ActiveCfg = Release|Any CPU
		{0FDB536E-7CEE-4A13-B937-74B21CE25788}.Release|Any CPU.Build.0 = Release|Any CPU
		{0FDB536E-7CEE-4A13-B937-74B21CE25788}.Release|x64.ActiveCfg = Release|Any CPU
		{0FDB536E-7CEE-4A13-B937-74B21CE25788}.Release|x64.Build.0 = Release|Any CPU
		{0FDB536E-7CEE-4A13-B937-74B21CE25788}.Release|x86.ActiveCfg = Release|Any CPU
		{0FDB536E-7CEE-4A13-B937-74B21CE25788}.Release|x86.Build.0 = Release|Any CPU
		{9E5FF297-D32D-47E0-8266-FD40CAD8E827}.Debug|Any CPU.ActiveCfg = Debug|Any CPU
		{9E5FF297-D32D-47E0-8266-FD40CAD8E827}.Debug|Any CPU.Build.0 = Debug|Any CPU
		{9E5FF297-D32D-47E0-8266-FD40CAD8E827}.Debug|x64.ActiveCfg = Debug|Any CPU
		{9E5FF297-D32D-47E0-8266-FD40CAD8E827}.Debug|x64.Build.0 = Debug|Any CPU
		{9E5FF297-D32D-47E0-8266-FD40CAD8E827}.Debug|x86.ActiveCfg = Debug|Any CPU
		{9E5FF297-D32D-47E0-8266-FD40CAD8E827}.Debug|x86.Build.0 = Debug|Any CPU
		{9E5FF297-D32D-47E0-8266-FD40CAD8E827}.Release|Any CPU.ActiveCfg = Release|Any CPU
		{9E5FF297-D32D-47E0-8266-FD40CAD8E827}.Release|Any CPU.Build.0 = Release|Any CPU
		{9E5FF297-D32D-47E0-8266-FD40CAD8E827}.Release|x64.ActiveCfg = Release|Any CPU
		{9E5FF297-D32D-47E0-8266-FD40CAD8E827}.Release|x64.Build.0 = Release|Any CPU
		{9E5FF297-D32D-47E0-8266-FD40CAD8E827}.Release|x86.ActiveCfg = Release|Any CPU
		{9E5FF297-D32D-47E0-8266-FD40CAD8E827}.Release|x86.Build.0 = Release|Any CPU
	EndGlobalSection
	GlobalSection(SolutionProperties) = preSolution
		HideSolutionNode = FALSE
	EndGlobalSection
	GlobalSection(ExtensibilityGlobals) = postSolution
		SolutionGuid = {A400C6ED-B52F-494A-A49E-1D9BDD38427E}
	EndGlobalSection
EndGlobal
